Microsoft Visual Studio Solution File, Format Version 12.00
# Visual Studio Version 17
VisualStudioVersion = 17.5.2.0
MinimumVisualStudioVersion = 10.0.40219.1
Project("{2150E333-8FDC-42A3-9474-1A3956D46DE8}") = "jvecchio", "jvecchio", "{AEFC485B-597E-BB23-71D1-FB1545B9D60D}"
EndProject
Project("{FAE04EC0-301F-11D3-BF4B-00C04F79EFBC}") = "ej1", "jvecchio\ej1\ej1.csproj", "{2E88FBEA-32A1-29AA-AD2C-75F9BE4D892F}"
EndProject
Project("{FAE04EC0-301F-11D3-BF4B-00C04F79EFBC}") = "ej10", "jvecchio\ej10\ej10.csproj", "{1F827D18-844C-ECFF-BE56-A50A7CF8E3DE}"
EndProject
Project("{FAE04EC0-301F-11D3-BF4B-00C04F79EFBC}") = "ej2", "jvecchio\ej2\ej2.csproj", "{F57AA77B-375C-6CBF-7AF5-2A9C7D572F2A}"
EndProject
Project("{FAE04EC0-301F-11D3-BF4B-00C04F79EFBC}") = "ej3", "jvecchio\ej3\ej3.csproj", "{81D31B41-7150-A559-8F80-6779B221B648}"
EndProject
Project("{FAE04EC0-301F-11D3-BF4B-00C04F79EFBC}") = "ej4", "jvecchio\ej4\ej4.csproj", "{CB092AD5-DC16-1523-E4DF-C630BB59B9DA}"
EndProject
Project("{FAE04EC0-301F-11D3-BF4B-00C04F79EFBC}") = "ej5", "jvecchio\ej5\ej5.csproj", "{960915F6-ECCA-8DF3-9E2E-9750B5FCAA17}"
EndProject
Project("{FAE04EC0-301F-11D3-BF4B-00C04F79EFBC}") = "ej6", "jvecchio\ej6\ej6.csproj", "{2F624D48-BFD2-AE68-9F00-F71B52069A72}"
EndProject
Project("{FAE04EC0-301F-11D3-BF4B-00C04F79EFBC}") = "ej7", "jvecchio\ej7\ej7.csproj", "{FA1140C6-1A9B-F353-AE2A-8C3E345C4367}"
EndProject
Project("{FAE04EC0-301F-11D3-BF4B-00C04F79EFBC}") = "ej8", "jvecchio\ej8\ej8.csproj", "{72D73D68-8A08-74F8-C8CF-99A33AE814B6}"
EndProject
Project("{FAE04EC0-301F-11D3-BF4B-00C04F79EFBC}") = "ej9", "jvecchio\ej9\ej9.csproj", "{B00CE541-8403-E899-5912-840FEC0E5146}"
EndProject
Global
	GlobalSection(SolutionConfigurationPlatforms) = preSolution
		Debug|Any CPU = Debug|Any CPU
		Release|Any CPU = Release|Any CPU
	EndGlobalSection
	GlobalSection(ProjectConfigurationPlatforms) = postSolution
		{2E88FBEA-32A1-29AA-AD2C-75F9BE4D892F}.Debug|Any CPU.ActiveCfg = Debug|Any CPU
		{2E88FBEA-32A1-29AA-AD2C-75F9BE4D892F}.Debug|Any CPU.Build.0 = Debug|Any CPU
		{2E88FBEA-32A1-29AA-AD2C-75F9BE4D892F}.Release|Any CPU.ActiveCfg = Release|Any CPU
		{2E88FBEA-32A1-29AA-AD2C-75F9BE4D892F}.Release|Any CPU.Build.0 = Release|Any CPU
		{1F827D18-844C-ECFF-BE56-A50A7CF8E3DE}.Debug|Any CPU.ActiveCfg = Debug|Any CPU
		{1F827D18-844C-ECFF-BE56-A50A7CF8E3DE}.Debug|Any CPU.Build.0 = Debug|Any CPU
		{1F827D18-844C-ECFF-BE56-A50A7CF8E3DE}.Release|Any CPU.ActiveCfg = Release|Any CPU
		{1F827D18-844C-ECFF-BE56-A50A7CF8E3DE}.Release|Any CPU.Build.0 = Release|Any CPU
		{F57AA77B-375C-6CBF-7AF5-2A9C7D572F2A}.Debug|Any CPU.ActiveCfg = Debug|Any CPU
		{F57AA77B-375C-6CBF-7AF5-2A9C7D572F2A}.Debug|Any CPU.Build.0 = Debug|Any CPU
		{F57AA77B-375C-6CBF-7AF5-2A9C7D572F2A}.Release|Any CPU.ActiveCfg = Release|Any CPU
		{F57AA77B-375C-6CBF-7AF5-2A9C7D572F2A}.Release|Any CPU.Build.0 = Release|Any CPU
		{81D31B41-7150-A559-8F80-6779B221B648}.Debug|Any CPU.ActiveCfg = Debug|Any CPU
		{81D31B41-7150-A559-8F80-6779B221B648}.Debug|Any CPU.Build.0 = Debug|Any CPU
		{81D31B41-7150-A559-8F80-6779B221B648}.Release|Any CPU.ActiveCfg = Release|Any CPU
		{81D31B41-7150-A559-8F80-6779B221B648}.Release|Any CPU.Build.0 = Release|Any CPU
		{CB092AD5-DC16-1523-E4DF-C630BB59B9DA}.Debug|Any CPU.ActiveCfg = Debug|Any CPU
		{CB092AD5-DC16-1523-E4DF-C630BB59B9DA}.Debug|Any CPU.Build.0 = Debug|Any CPU
		{CB092AD5-DC16-1523-E4DF-C630BB59B9DA}.Release|Any CPU.ActiveCfg = Release|Any CPU
		{CB092AD5-DC16-1523-E4DF-C630BB59B9DA}.Release|Any CPU.Build.0 = Release|Any CPU
		{960915F6-ECCA-8DF3-9E2E-9750B5FCAA17}.Debug|Any CPU.ActiveCfg = Debug|Any CPU
		{960915F6-ECCA-8DF3-9E2E-9750B5FCAA17}.Debug|Any CPU.Build.0 = Debug|Any CPU
		{960915F6-ECCA-8DF3-9E2E-9750B5FCAA17}.Release|Any CPU.ActiveCfg = Release|Any CPU
		{960915F6-ECCA-8DF3-9E2E-9750B5FCAA17}.Release|Any CPU.Build.0 = Release|Any CPU
		{2F624D48-BFD2-AE68-9F00-F71B52069A72}.Debug|Any CPU.ActiveCfg = Debug|Any CPU
		{2F624D48-BFD2-AE68-9F00-F71B52069A72}.Debug|Any CPU.Build.0 = Debug|Any CPU
		{2F624D48-BFD2-AE68-9F00-F71B52069A72}.Release|Any CPU.ActiveCfg = Release|Any CPU
		{2F624D48-BFD2-AE68-9F00-F71B52069A72}.Release|Any CPU.Build.0 = Release|Any CPU
		{FA1140C6-1A9B-F353-AE2A-8C3E345C4367}.Debug|Any CPU.ActiveCfg = Debug|Any CPU
		{FA1140C6-1A9B-F353-AE2A-8C3E345C4367}.Debug|Any CPU.Build.0 = Debug|Any CPU
		{FA1140C6-1A9B-F353-AE2A-8C3E345C4367}.Release|Any CPU.ActiveCfg = Release|Any CPU
		{FA1140C6-1A9B-F353-AE2A-8C3E345C4367}.Release|Any CPU.Build.0 = Release|Any CPU
		{72D73D68-8A08-74F8-C8CF-99A33AE814B6}.Debug|Any CPU.ActiveCfg = Debug|Any CPU
		{72D73D68-8A08-74F8-C8CF-99A33AE814B6}.Debug|Any CPU.Build.0 = Debug|Any CPU
		{72D73D68-8A08-74F8-C8CF-99A33AE814B6}.Release|Any CPU.ActiveCfg = Release|Any CPU
		{72D73D68-8A08-74F8-C8CF-99A33AE814B6}.Release|Any CPU.Build.0 = Release|Any CPU
		{B00CE541-8403-E899-5912-840FEC0E5146}.Debug|Any CPU.ActiveCfg = Debug|Any CPU
		{B00CE541-8403-E899-5912-840FEC0E5146}.Debug|Any CPU.Build.0 = Debug|Any CPU
		{B00CE541-8403-E899-5912-840FEC0E5146}.Release|Any CPU.ActiveCfg = Release|Any CPU
		{B00CE541-8403-E899-5912-840FEC0E5146}.Release|Any CPU.Build.0 = Release|Any CPU
	EndGlobalSection
	GlobalSection(SolutionProperties) = preSolution
		HideSolutionNode = FALSE
	EndGlobalSection
	GlobalSection(NestedProjects) = preSolution
		{2E88FBEA-32A1-29AA-AD2C-75F9BE4D892F} = {AEFC485B-597E-BB23-71D1-FB1545B9D60D}
		{1F827D18-844C-ECFF-BE56-A50A7CF8E3DE} = {AEFC485B-597E-BB23-71D1-FB1545B9D60D}
		{F57AA77B-375C-6CBF-7AF5-2A9C7D572F2A} = {AEFC485B-597E-BB23-71D1-FB1545B9D60D}
		{81D31B41-7150-A559-8F80-6779B221B648} = {AEFC485B-597E-BB23-71D1-FB1545B9D60D}
		{CB092AD5-DC16-1523-E4DF-C630BB59B9DA} = {AEFC485B-597E-BB23-71D1-FB1545B9D60D}
		{960915F6-ECCA-8DF3-9E2E-9750B5FCAA17} = {AEFC485B-597E-BB23-71D1-FB1545B9D60D}
		{2F624D48-BFD2-AE68-9F00-F71B52069A72} = {AEFC485B-597E-BB23-71D1-FB1545B9D60D}
		{FA1140C6-1A9B-F353-AE2A-8C3E345C4367} = {AEFC485B-597E-BB23-71D1-FB1545B9D60D}
		{72D73D68-8A08-74F8-C8CF-99A33AE814B6} = {AEFC485B-597E-BB23-71D1-FB1545B9D60D}
		{B00CE541-8403-E899-5912-840FEC0E5146} = {AEFC485B-597E-BB23-71D1-FB1545B9D60D}
	EndGlobalSection
	GlobalSection(ExtensibilityGlobals) = postSolution
		SolutionGuid = {30F9B710-3AA4-456A-B8EC-CC0D1644ED21}
	EndGlobalSection
EndGlobal
